
Microsoft Visual Studio Solution File, Format Version 12.00
# Visual Studio Version 17
VisualStudioVersion = 17.0.31919.166
MinimumVisualStudioVersion = 10.0.40219.1
Project("{FAE04EC0-301F-11D3-BF4B-00C04F79EFBC}") = "MojaPrvaWindowsAplikacija", "MojaPrvaWindowsAplikacija.csproj", "{1E013351-1FCA-4983-B0DA-407A073834FF}"
EndProject
Global
	GlobalSection(SolutionConfigurationPlatforms) = preSolution
		Debug|Any CPU = Debug|Any CPU
		Release|Any CPU = Release|Any CPU
	EndGlobalSection
	GlobalSection(ProjectConfigurationPlatforms) = postSolution
		{1E013351-1FCA-4983-B0DA-407A073834FF}.Debug|Any CPU.ActiveCfg = Debug|Any CPU
		{1E013351-1FCA-4983-B0DA-407A073834FF}.Debug|Any CPU.Build.0 = Debug|Any CPU
		{1E013351-1FCA-4983-B0DA-407A073834FF}.Release|Any CPU.ActiveCfg = Release|Any CPU
		{1E013351-1FCA-4983-B0DA-407A073834FF}.Release|Any CPU.Build.0 = Release|Any CPU
	EndGlobalSection
	GlobalSection(SolutionProperties) = preSolution
		HideSolutionNode = FALSE
	EndGlobalSection
	GlobalSection(ExtensibilityGlobals) = postSolution
		SolutionGuid = {6CC058F6-37B9-4062-95B4-BF9FE37F52E1}
	EndGlobalSection
EndGlobal
